// !$*UTF8*$!
{
	archiveVersion = 1;
	classes = {
	};
	objectVersion = 55;
	objects = {

/* Begin PBXBuildFile section */
		A71FFD8127AA8F3D00C94F8C /* Routes.swift in Sources */ = {isa = PBXBuildFile; fileRef = A71FFD8027AA8F3D00C94F8C /* Routes.swift */; };
		A774787B27A9CC35000AC169 /* MapsRoutes.swift in Sources */ = {isa = PBXBuildFile; fileRef = A774787A27A9CC35000AC169 /* MapsRoutes.swift */; };
		A7F4A44227AAA77600D36FD7 /* HData.swift in Sources */ = {isa = PBXBuildFile; fileRef = A7F4A44127AAA77600D36FD7 /* HData.swift */; };
		A7F4A44427AAA7AA00D36FD7 /* Card.swift in Sources */ = {isa = PBXBuildFile; fileRef = A7F4A44327AAA7AA00D36FD7 /* Card.swift */; };
		A7F4A44827AAAC4C00D36FD7 /* Ajustes.swift in Sources */ = {isa = PBXBuildFile; fileRef = A7F4A44727AAAC4C00D36FD7 /* Ajustes.swift */; };
		AD77400B270722CA003446CC /* AnalyticsApp.swift in Sources */ = {isa = PBXBuildFile; fileRef = AD773FE3270722C9003446CC /* AnalyticsApp.swift */; };
		AD77400D270722CA003446CC /* ContentView.swift in Sources */ = {isa = PBXBuildFile; fileRef = AD773FE4270722C9003446CC /* ContentView.swift */; };
		AD77400F270722CA003446CC /* Assets.xcassets in Resources */ = {isa = PBXBuildFile; fileRef = AD773FE5270722CA003446CC /* Assets.xcassets */; };
		ADBEE6772707510A00CDC30F /* BaseView.swift in Sources */ = {isa = PBXBuildFile; fileRef = ADBEE6762707510A00CDC30F /* BaseView.swift */; };
		ADBEE679270752BF00CDC30F /* Home.swift in Sources */ = {isa = PBXBuildFile; fileRef = ADBEE678270752BF00CDC30F /* Home.swift */; };
		ADBEE67B270753A700CDC30F /* BarGraph.swift in Sources */ = {isa = PBXBuildFile; fileRef = ADBEE67A270753A700CDC30F /* BarGraph.swift */; };
		ADBEE67D270753BB00CDC30F /* Download.swift in Sources */ = {isa = PBXBuildFile; fileRef = ADBEE67C270753BB00CDC30F /* Download.swift */; };
/* End PBXBuildFile section */

/* Begin PBXContainerItemProxy section */
		AD773FF8270722CA003446CC /* PBXContainerItemProxy */ = {
			isa = PBXContainerItemProxy;
			containerPortal = AD773FDE270722C9003446CC /* Project object */;
			proxyType = 1;
			remoteGlobalIDString = AD773FE9270722CA003446CC;
			remoteInfo = "Analytics (iOS)";
		};
/* End PBXContainerItemProxy section */

/* Begin PBXFileReference section */
		A71FFD8027AA8F3D00C94F8C /* Routes.swift */ = {isa = PBXFileReference; lastKnownFileType = sourcecode.swift; path = Routes.swift; sourceTree = "<group>"; };
		A774787727A9B8AE000AC169 /* Travis--iOS--Info.plist */ = {isa = PBXFileReference; lastKnownFileType = text.plist.xml; path = "Travis--iOS--Info.plist"; sourceTree = "<group>"; };
		A774787A27A9CC35000AC169 /* MapsRoutes.swift */ = {isa = PBXFileReference; lastKnownFileType = sourcecode.swift; path = MapsRoutes.swift; sourceTree = "<group>"; };
		A7F4A44127AAA77600D36FD7 /* HData.swift */ = {isa = PBXFileReference; lastKnownFileType = sourcecode.swift; path = HData.swift; sourceTree = "<group>"; };
		A7F4A44327AAA7AA00D36FD7 /* Card.swift */ = {isa = PBXFileReference; lastKnownFileType = sourcecode.swift; path = Card.swift; sourceTree = "<group>"; };
		A7F4A44727AAAC4C00D36FD7 /* Ajustes.swift */ = {isa = PBXFileReference; lastKnownFileType = sourcecode.swift; path = Ajustes.swift; sourceTree = "<group>"; };
		AD773FE3270722C9003446CC /* AnalyticsApp.swift */ = {isa = PBXFileReference; lastKnownFileType = sourcecode.swift; path = AnalyticsApp.swift; sourceTree = "<group>"; };
		AD773FE4270722C9003446CC /* ContentView.swift */ = {isa = PBXFileReference; lastKnownFileType = sourcecode.swift; path = ContentView.swift; sourceTree = "<group>"; };
		AD773FE5270722CA003446CC /* Assets.xcassets */ = {isa = PBXFileReference; lastKnownFileType = folder.assetcatalog; path = Assets.xcassets; sourceTree = "<group>"; };
		AD773FEA270722CA003446CC /* Travis.app */ = {isa = PBXFileReference; explicitFileType = wrapper.application; includeInIndex = 0; path = Travis.app; sourceTree = BUILT_PRODUCTS_DIR; };
		AD773FF7270722CA003446CC /* Tests iOS.xctest */ = {isa = PBXFileReference; explicitFileType = wrapper.cfbundle; includeInIndex = 0; path = "Tests iOS.xctest"; sourceTree = BUILT_PRODUCTS_DIR; };
		ADBEE6762707510A00CDC30F /* BaseView.swift */ = {isa = PBXFileReference; lastKnownFileType = sourcecode.swift; path = BaseView.swift; sourceTree = "<group>"; };
		ADBEE678270752BF00CDC30F /* Home.swift */ = {isa = PBXFileReference; lastKnownFileType = sourcecode.swift; path = Home.swift; sourceTree = "<group>"; };
		ADBEE67A270753A700CDC30F /* BarGraph.swift */ = {isa = PBXFileReference; lastKnownFileType = sourcecode.swift; path = BarGraph.swift; sourceTree = "<group>"; };
		ADBEE67C270753BB00CDC30F /* Download.swift */ = {isa = PBXFileReference; lastKnownFileType = sourcecode.swift; path = Download.swift; sourceTree = "<group>"; };
/* End PBXFileReference section */

/* Begin PBXFrameworksBuildPhase section */
		AD773FE7270722CA003446CC /* Frameworks */ = {
			isa = PBXFrameworksBuildPhase;
			buildActionMask = 2147483647;
			files = (
			);
			runOnlyForDeploymentPostprocessing = 0;
		};
		AD773FF4270722CA003446CC /* Frameworks */ = {
			isa = PBXFrameworksBuildPhase;
			buildActionMask = 2147483647;
			files = (
			);
			runOnlyForDeploymentPostprocessing = 0;
		};
/* End PBXFrameworksBuildPhase section */

/* Begin PBXGroup section */
		A71FFD8227AA981800C94F8C /* User Routes */ = {
			isa = PBXGroup;
			children = (
				A774787A27A9CC35000AC169 /* MapsRoutes.swift */,
			);
			path = "User Routes";
			sourceTree = "<group>";
		};
		AD773FDD270722C9003446CC = {
			isa = PBXGroup;
			children = (
				A774787727A9B8AE000AC169 /* Travis--iOS--Info.plist */,
				AD773FE2270722C9003446CC /* Shared */,
				AD773FEB270722CA003446CC /* Products */,
			);
			sourceTree = "<group>";
		};
		AD773FE2270722C9003446CC /* Shared */ = {
			isa = PBXGroup;
			children = (
				AD773FE3270722C9003446CC /* AnalyticsApp.swift */,
				AD773FE4270722C9003446CC /* ContentView.swift */,
				ADBEE674270750FF00CDC30F /* Vistas */,
				ADBEE6752707510300CDC30F /* Model */,
				AD773FE5270722CA003446CC /* Assets.xcassets */,
			);
			path = Shared;
			sourceTree = "<group>";
		};
		AD773FEB270722CA003446CC /* Products */ = {
			isa = PBXGroup;
			children = (
				AD773FEA270722CA003446CC /* Travis.app */,
				AD773FF7270722CA003446CC /* Tests iOS.xctest */,
			);
			name = Products;
			sourceTree = "<group>";
		};
		ADBEE674270750FF00CDC30F /* Vistas */ = {
			isa = PBXGroup;
			children = (
				ADBEE6762707510A00CDC30F /* BaseView.swift */,
				ADBEE678270752BF00CDC30F /* Home.swift */,
				A7F4A44127AAA77600D36FD7 /* HData.swift */,
				A71FFD8027AA8F3D00C94F8C /* Routes.swift */,
				A7F4A44727AAAC4C00D36FD7 /* Ajustes.swift */,
			);
			path = Vistas;
			sourceTree = "<group>";
		};
		ADBEE6752707510300CDC30F /* Model */ = {
			isa = PBXGroup;
			children = (
				ADBEE67A270753A700CDC30F /* BarGraph.swift */,
				ADBEE67C270753BB00CDC30F /* Download.swift */,
				A7F4A44327AAA7AA00D36FD7 /* Card.swift */,
				A71FFD8227AA981800C94F8C /* User Routes */,
			);
			path = Model;
			sourceTree = "<group>";
		};
/* End PBXGroup section */

/* Begin PBXNativeTarget section */
		AD773FE9270722CA003446CC /* Travis (iOS) */ = {
			isa = PBXNativeTarget;
			buildConfigurationList = AD774013270722CA003446CC /* Build configuration list for PBXNativeTarget "Travis (iOS)" */;
			buildPhases = (
				AD773FE6270722CA003446CC /* Sources */,
				AD773FE7270722CA003446CC /* Frameworks */,
				AD773FE8270722CA003446CC /* Resources */,
			);
			buildRules = (
			);
			dependencies = (
			);
			name = "Travis (iOS)";
			productName = "Analytics (iOS)";
			productReference = AD773FEA270722CA003446CC /* Travis.app */;
			productType = "com.apple.product-type.application";
		};
		AD773FF6270722CA003446CC /* Tests iOS */ = {
			isa = PBXNativeTarget;
			buildConfigurationList = AD774019270722CA003446CC /* Build configuration list for PBXNativeTarget "Tests iOS" */;
			buildPhases = (
				AD773FF3270722CA003446CC /* Sources */,
				AD773FF4270722CA003446CC /* Frameworks */,
				AD773FF5270722CA003446CC /* Resources */,
			);
			buildRules = (
			);
			dependencies = (
				AD773FF9270722CA003446CC /* PBXTargetDependency */,
			);
			name = "Tests iOS";
			productName = "Tests iOS";
			productReference = AD773FF7270722CA003446CC /* Tests iOS.xctest */;
			productType = "com.apple.product-type.bundle.ui-testing";
		};
/* End PBXNativeTarget section */

/* Begin PBXProject section */
		AD773FDE270722C9003446CC /* Project object */ = {
			isa = PBXProject;
			attributes = {
				BuildIndependentTargetsInParallel = 1;
				LastSwiftUpdateCheck = 1300;
				LastUpgradeCheck = 1300;
				TargetAttributes = {
					AD773FE9270722CA003446CC = {
						CreatedOnToolsVersion = 13.0;
					};
					AD773FF6270722CA003446CC = {
						CreatedOnToolsVersion = 13.0;
						TestTargetID = AD773FE9270722CA003446CC;
					};
				};
			};
			buildConfigurationList = AD773FE1270722C9003446CC /* Build configuration list for PBXProject "Travis" */;
			compatibilityVersion = "Xcode 13.0";
			developmentRegion = en;
			hasScannedForEncodings = 0;
			knownRegions = (
				en,
				Base,
			);
			mainGroup = AD773FDD270722C9003446CC;
			productRefGroup = AD773FEB270722CA003446CC /* Products */;
			projectDirPath = "";
			projectRoot = "";
			targets = (
				AD773FE9270722CA003446CC /* Travis (iOS) */,
				AD773FF6270722CA003446CC /* Tests iOS */,
			);
		};
/* End PBXProject section */

/* Begin PBXResourcesBuildPhase section */
		AD773FE8270722CA003446CC /* Resources */ = {
			isa = PBXResourcesBuildPhase;
			buildActionMask = 2147483647;
			files = (
				AD77400F270722CA003446CC /* Assets.xcassets in Resources */,
			);
			runOnlyForDeploymentPostprocessing = 0;
		};
		AD773FF5270722CA003446CC /* Resources */ = {
			isa = PBXResourcesBuildPhase;
			buildActionMask = 2147483647;
			files = (
			);
			runOnlyForDeploymentPostprocessing = 0;
		};
/* End PBXResourcesBuildPhase section */

/* Begin PBXSourcesBuildPhase section */
		AD773FE6270722CA003446CC /* Sources */ = {
			isa = PBXSourcesBuildPhase;
			buildActionMask = 2147483647;
			files = (
				ADBEE67B270753A700CDC30F /* BarGraph.swift in Sources */,
				A71FFD8127AA8F3D00C94F8C /* Routes.swift in Sources */,
				A7F4A44227AAA77600D36FD7 /* HData.swift in Sources */,
				ADBEE6772707510A00CDC30F /* BaseView.swift in Sources */,
				A774787B27A9CC35000AC169 /* MapsRoutes.swift in Sources */,
				A7F4A44827AAAC4C00D36FD7 /* Ajustes.swift in Sources */,
				AD77400D270722CA003446CC /* ContentView.swift in Sources */,
				ADBEE67D270753BB00CDC30F /* Download.swift in Sources */,
				A7F4A44427AAA7AA00D36FD7 /* Card.swift in Sources */,
				ADBEE679270752BF00CDC30F /* Home.swift in Sources */,
				AD77400B270722CA003446CC /* AnalyticsApp.swift in Sources */,
			);
			runOnlyForDeploymentPostprocessing = 0;
		};
		AD773FF3270722CA003446CC /* Sources */ = {
			isa = PBXSourcesBuildPhase;
			buildActionMask = 2147483647;
			files = (
			);
			runOnlyForDeploymentPostprocessing = 0;
		};
/* End PBXSourcesBuildPhase section */

/* Begin PBXTargetDependency section */
		AD773FF9270722CA003446CC /* PBXTargetDependency */ = {
			isa = PBXTargetDependency;
			target = AD773FE9270722CA003446CC /* Travis (iOS) */;
			targetProxy = AD773FF8270722CA003446CC /* PBXContainerItemProxy */;
		};
/* End PBXTargetDependency section */

/* Begin XCBuildConfiguration section */
		AD774011270722CA003446CC /* Debug */ = {
			isa = XCBuildConfiguration;
			buildSettings = {
				ALWAYS_SEARCH_USER_PATHS = NO;
				CLANG_ANALYZER_NONNULL = YES;
				CLANG_ANALYZER_NUMBER_OBJECT_CONVERSION = YES_AGGRESSIVE;
				CLANG_CXX_LANGUAGE_STANDARD = "gnu++17";
				CLANG_CXX_LIBRARY = "libc++";
				CLANG_ENABLE_MODULES = YES;
				CLANG_ENABLE_OBJC_ARC = YES;
				CLANG_ENABLE_OBJC_WEAK = YES;
				CLANG_WARN_BLOCK_CAPTURE_AUTORELEASING = YES;
				CLANG_WARN_BOOL_CONVERSION = YES;
				CLANG_WARN_COMMA = YES;
				CLANG_WARN_CONSTANT_CONVERSION = YES;
				CLANG_WARN_DEPRECATED_OBJC_IMPLEMENTATIONS = YES;
				CLANG_WARN_DIRECT_OBJC_ISA_USAGE = YES_ERROR;
				CLANG_WARN_DOCUMENTATION_COMMENTS = YES;
				CLANG_WARN_EMPTY_BODY = YES;
				CLANG_WARN_ENUM_CONVERSION = YES;
				CLANG_WARN_INFINITE_RECURSION = YES;
				CLANG_WARN_INT_CONVERSION = YES;
				CLANG_WARN_NON_LITERAL_NULL_CONVERSION = YES;
				CLANG_WARN_OBJC_IMPLICIT_RETAIN_SELF = YES;
				CLANG_WARN_OBJC_LITERAL_CONVERSION = YES;
				CLANG_WARN_OBJC_ROOT_CLASS = YES_ERROR;
				CLANG_WARN_QUOTED_INCLUDE_IN_FRAMEWORK_HEADER = YES;
				CLANG_WARN_RANGE_LOOP_ANALYSIS = YES;
				CLANG_WARN_STRICT_PROTOTYPES = YES;
				CLANG_WARN_SUSPICIOUS_MOVE = YES;
				CLANG_WARN_UNGUARDED_AVAILABILITY = YES_AGGRESSIVE;
				CLANG_WARN_UNREACHABLE_CODE = YES;
				CLANG_WARN__DUPLICATE_METHOD_MATCH = YES;
				COPY_PHASE_STRIP = NO;
				DEBUG_INFORMATION_FORMAT = dwarf;
				ENABLE_STRICT_OBJC_MSGSEND = YES;
				ENABLE_TESTABILITY = YES;
				GCC_C_LANGUAGE_STANDARD = gnu11;
				GCC_DYNAMIC_NO_PIC = NO;
				GCC_NO_COMMON_BLOCKS = YES;
				GCC_OPTIMIZATION_LEVEL = 0;
				GCC_PREPROCESSOR_DEFINITIONS = (
					"DEBUG=1",
					"$(inherited)",
				);
				GCC_WARN_64_TO_32_BIT_CONVERSION = YES;
				GCC_WARN_ABOUT_RETURN_TYPE = YES_ERROR;
				GCC_WARN_UNDECLARED_SELECTOR = YES;
				GCC_WARN_UNINITIALIZED_AUTOS = YES_AGGRESSIVE;
				GCC_WARN_UNUSED_FUNCTION = YES;
				GCC_WARN_UNUSED_VARIABLE = YES;
				IPHONEOS_DEPLOYMENT_TARGET = 15.2;
				MTL_ENABLE_DEBUG_INFO = INCLUDE_SOURCE;
				MTL_FAST_MATH = YES;
				ONLY_ACTIVE_ARCH = YES;
				SWIFT_ACTIVE_COMPILATION_CONDITIONS = DEBUG;
				SWIFT_OPTIMIZATION_LEVEL = "-Onone";
			};
			name = Debug;
		};
		AD774012270722CA003446CC /* Release */ = {
			isa = XCBuildConfiguration;
			buildSettings = {
				ALWAYS_SEARCH_USER_PATHS = NO;
				CLANG_ANALYZER_NONNULL = YES;
				CLANG_ANALYZER_NUMBER_OBJECT_CONVERSION = YES_AGGRESSIVE;
				CLANG_CXX_LANGUAGE_STANDARD = "gnu++17";
				CLANG_CXX_LIBRARY = "libc++";
				CLANG_ENABLE_MODULES = YES;
				CLANG_ENABLE_OBJC_ARC = YES;
				CLANG_ENABLE_OBJC_WEAK = YES;
				CLANG_WARN_BLOCK_CAPTURE_AUTORELEASING = YES;
				CLANG_WARN_BOOL_CONVERSION = YES;
				CLANG_WARN_COMMA = YES;
				CLANG_WARN_CONSTANT_CONVERSION = YES;
				CLANG_WARN_DEPRECATED_OBJC_IMPLEMENTATIONS = YES;
				CLANG_WARN_DIRECT_OBJC_ISA_USAGE = YES_ERROR;
				CLANG_WARN_DOCUMENTATION_COMMENTS = YES;
				CLANG_WARN_EMPTY_BODY = YES;
				CLANG_WARN_ENUM_CONVERSION = YES;
				CLANG_WARN_INFINITE_RECURSION = YES;
				CLANG_WARN_INT_CONVERSION = YES;
				CLANG_WARN_NON_LITERAL_NULL_CONVERSION = YES;
				CLANG_WARN_OBJC_IMPLICIT_RETAIN_SELF = YES;
				CLANG_WARN_OBJC_LITERAL_CONVERSION = YES;
				CLANG_WARN_OBJC_ROOT_CLASS = YES_ERROR;
				CLANG_WARN_QUOTED_INCLUDE_IN_FRAMEWORK_HEADER = YES;
				CLANG_WARN_RANGE_LOOP_ANALYSIS = YES;
				CLANG_WARN_STRICT_PROTOTYPES = YES;
				CLANG_WARN_SUSPICIOUS_MOVE = YES;
				CLANG_WARN_UNGUARDED_AVAILABILITY = YES_AGGRESSIVE;
				CLANG_WARN_UNREACHABLE_CODE = YES;
				CLANG_WARN__DUPLICATE_METHOD_MATCH = YES;
				COPY_PHASE_STRIP = NO;
				DEBUG_INFORMATION_FORMAT = "dwarf-with-dsym";
				ENABLE_NS_ASSERTIONS = NO;
				ENABLE_STRICT_OBJC_MSGSEND = YES;
				GCC_C_LANGUAGE_STANDARD = gnu11;
				GCC_NO_COMMON_BLOCKS = YES;
				GCC_WARN_64_TO_32_BIT_CONVERSION = YES;
				GCC_WARN_ABOUT_RETURN_TYPE = YES_ERROR;
				GCC_WARN_UNDECLARED_SELECTOR = YES;
				GCC_WARN_UNINITIALIZED_AUTOS = YES_AGGRESSIVE;
				GCC_WARN_UNUSED_FUNCTION = YES;
				GCC_WARN_UNUSED_VARIABLE = YES;
				IPHONEOS_DEPLOYMENT_TARGET = 15.2;
				MTL_ENABLE_DEBUG_INFO = NO;
				MTL_FAST_MATH = YES;
				SWIFT_COMPILATION_MODE = wholemodule;
				SWIFT_OPTIMIZATION_LEVEL = "-O";
			};
			name = Release;
		};
		AD774014270722CA003446CC /* Debug */ = {
			isa = XCBuildConfiguration;
			buildSettings = {
				ASSETCATALOG_COMPILER_APPICON_NAME = AppIcon;
				ASSETCATALOG_COMPILER_GLOBAL_ACCENT_COLOR_NAME = AccentColor;
				CODE_SIGN_STYLE = Automatic;
				CURRENT_PROJECT_VERSION = 1;
				ENABLE_PREVIEWS = YES;
				GENERATE_INFOPLIST_FILE = YES;
				INFOPLIST_FILE = "Travis--iOS--Info.plist";
				INFOPLIST_KEY_UIApplicationSceneManifest_Generation = YES;
				INFOPLIST_KEY_UIApplicationSupportsIndirectInputEvents = YES;
				INFOPLIST_KEY_UILaunchScreen_Generation = YES;
				INFOPLIST_KEY_UISupportedInterfaceOrientations = UIInterfaceOrientationPortrait;
				INFOPLIST_KEY_UISupportedInterfaceOrientations_iPad = "UIInterfaceOrientationPortrait UIInterfaceOrientationPortraitUpsideDown UIInterfaceOrientationLandscapeLeft UIInterfaceOrientationLandscapeRight";
				INFOPLIST_KEY_UISupportedInterfaceOrientations_iPhone = "UIInterfaceOrientationPortrait UIInterfaceOrientationLandscapeLeft UIInterfaceOrientationLandscapeRight";
				IPHONEOS_DEPLOYMENT_TARGET = 14.0;
				LD_RUNPATH_SEARCH_PATHS = (
					"$(inherited)",
					"@executable_path/Frameworks",
				);
				MARKETING_VERSION = 1.0;
				PRODUCT_BUNDLE_IDENTIFIER = digital.shonos.travis;
				PRODUCT_NAME = Travis;
				SDKROOT = iphoneos;
				SWIFT_EMIT_LOC_STRINGS = YES;
				SWIFT_VERSION = 5.0;
				TARGETED_DEVICE_FAMILY = 1;
			};
			name = Debug;
		};
		AD774015270722CA003446CC /* Release */ = {
			isa = XCBuildConfiguration;
			buildSettings = {
				ASSETCATALOG_COMPILER_APPICON_NAME = AppIcon;
				ASSETCATALOG_COMPILER_GLOBAL_ACCENT_COLOR_NAME = AccentColor;
				CODE_SIGN_STYLE = Automatic;
				CURRENT_PROJECT_VERSION = 1;
				ENABLE_PREVIEWS = YES;
				GENERATE_INFOPLIST_FILE = YES;
				INFOPLIST_FILE = "Travis--iOS--Info.plist";
				INFOPLIST_KEY_UIApplicationSceneManifest_Generation = YES;
				INFOPLIST_KEY_UIApplicationSupportsIndirectInputEvents = YES;
				INFOPLIST_KEY_UILaunchScreen_Generation = YES;
				INFOPLIST_KEY_UISupportedInterfaceOrientations = UIInterfaceOrientationPortrait;
				INFOPLIST_KEY_UISupportedInterfaceOrientations_iPad = "UIInterfaceOrientationPortrait UIInterfaceOrientationPortraitUpsideDown UIInterfaceOrientationLandscapeLeft UIInterfaceOrientationLandscapeRight";
				INFOPLIST_KEY_UISupportedInterfaceOrientations_iPhone = "UIInterfaceOrientationPortrait UIInterfaceOrientationLandscapeLeft UIInterfaceOrientationLandscapeRight";
				IPHONEOS_DEPLOYMENT_TARGET = 14.0;
				LD_RUNPATH_SEARCH_PATHS = (
					"$(inherited)",
					"@executable_path/Frameworks",
				);
				MARKETING_VERSION = 1.0;
				PRODUCT_BUNDLE_IDENTIFIER = digital.shonos.travis;
				PRODUCT_NAME = Travis;
				SDKROOT = iphoneos;
				SWIFT_EMIT_LOC_STRINGS = YES;
				SWIFT_VERSION = 5.0;
				TARGETED_DEVICE_FAMILY = 1;
				VALIDATE_PRODUCT = YES;
			};
			name = Release;
		};
		AD77401A270722CA003446CC /* Debug */ = {
			isa = XCBuildConfiguration;
			buildSettings = {
				ALWAYS_EMBED_SWIFT_STANDARD_LIBRARIES = YES;
				CODE_SIGN_STYLE = Automatic;
				CURRENT_PROJECT_VERSION = 1;
				GENERATE_INFOPLIST_FILE = YES;
				IPHONEOS_DEPLOYMENT_TARGET = 15.0;
				LD_RUNPATH_SEARCH_PATHS = (
					"$(inherited)",
					"@executable_path/Frameworks",
					"@loader_path/Frameworks",
				);
				MARKETING_VERSION = 1.0;
				PRODUCT_BUNDLE_IDENTIFIER = "com.kavsoft.Tests-iOS";
				PRODUCT_NAME = "$(TARGET_NAME)";
				SDKROOT = iphoneos;
				SWIFT_EMIT_LOC_STRINGS = NO;
				SWIFT_VERSION = 5.0;
				TARGETED_DEVICE_FAMILY = "1,2";
				TEST_TARGET_NAME = "Analytics (iOS)";
			};
			name = Debug;
		};
		AD77401B270722CA003446CC /* Release */ = {
			isa = XCBuildConfiguration;
			buildSettings = {
				ALWAYS_EMBED_SWIFT_STANDARD_LIBRARIES = YES;
				CODE_SIGN_STYLE = Automatic;
				CURRENT_PROJECT_VERSION = 1;
				GENERATE_INFOPLIST_FILE = YES;
				IPHONEOS_DEPLOYMENT_TARGET = 15.0;
				LD_RUNPATH_SEARCH_PATHS = (
					"$(inherited)",
					"@executable_path/Frameworks",
					"@loader_path/Frameworks",
				);
				MARKETING_VERSION = 1.0;
				PRODUCT_BUNDLE_IDENTIFIER = "com.kavsoft.Tests-iOS";
				PRODUCT_NAME = "$(TARGET_NAME)";
				SDKROOT = iphoneos;
				SWIFT_EMIT_LOC_STRINGS = NO;
				SWIFT_VERSION = 5.0;
				TARGETED_DEVICE_FAMILY = "1,2";
				TEST_TARGET_NAME = "Analytics (iOS)";
				VALIDATE_PRODUCT = YES;
			};
			name = Release;
		};
/* End XCBuildConfiguration section */

/* Begin XCConfigurationList section */
		AD773FE1270722C9003446CC /* Build configuration list for PBXProject "Travis" */ = {
			isa = XCConfigurationList;
			buildConfigurations = (
				AD774011270722CA003446CC /* Debug */,
				AD774012270722CA003446CC /* Release */,
			);
			defaultConfigurationIsVisible = 0;
			defaultConfigurationName = Release;
		};
		AD774013270722CA003446CC /* Build configuration list for PBXNativeTarget "Travis (iOS)" */ = {
			isa = XCConfigurationList;
			buildConfigurations = (
				AD774014270722CA003446CC /* Debug */,
				AD774015270722CA003446CC /* Release */,
			);
			defaultConfigurationIsVisible = 0;
			defaultConfigurationName = Release;
		};
		AD774019270722CA003446CC /* Build configuration list for PBXNativeTarget "Tests iOS" */ = {
			isa = XCConfigurationList;
			buildConfigurations = (
				AD77401A270722CA003446CC /* Debug */,
				AD77401B270722CA003446CC /* Release */,
			);
			defaultConfigurationIsVisible = 0;
			defaultConfigurationName = Release;
		};
/* End XCConfigurationList section */
	};
	rootObject = AD773FDE270722C9003446CC /* Project object */;
}
